// !$*UTF8*$!
{
	archiveVersion = 1;
	classes = {
	};
	objectVersion = 50;
	objects = {

/* Begin PBXBuildFile section */
		DB14FF4322731C5100700125 /* FastlaneSnapshot.swift in Sources */ = {isa = PBXBuildFile; fileRef = DB14FF4222731C5100700125 /* FastlaneSnapshot.swift */; };
		DB14FF4522732A7600700125 /* SnapshotHelper.swift in Sources */ = {isa = PBXBuildFile; fileRef = DB14FF4422732A7600700125 /* SnapshotHelper.swift */; };
		DB14FF4722734E3700700125 /* SkeletonView.framework in Frameworks */ = {isa = PBXBuildFile; fileRef = DB14FF4622734E3700700125 /* SkeletonView.framework */; };
		DB961CCC22718C8900AC80B9 /* MovieDetailViewController.swift in Sources */ = {isa = PBXBuildFile; fileRef = DB961CCB22718C8900AC80B9 /* MovieDetailViewController.swift */; };
		DB961CCE22718F5D00AC80B9 /* MovieDetailView.swift in Sources */ = {isa = PBXBuildFile; fileRef = DB961CCD22718F5D00AC80B9 /* MovieDetailView.swift */; };
		DB961CD022718F7500AC80B9 /* MovieDetailView.xib in Resources */ = {isa = PBXBuildFile; fileRef = DB961CCF22718F7500AC80B9 /* MovieDetailView.xib */; };
		DB961CD3227198FF00AC80B9 /* MovieDetailDataSource.swift in Sources */ = {isa = PBXBuildFile; fileRef = DB961CD2227198FF00AC80B9 /* MovieDetailDataSource.swift */; };
		DB961CD72272BD8700AC80B9 /* MoviesDataSourcePrefetching.swift in Sources */ = {isa = PBXBuildFile; fileRef = DB961CD62272BD8700AC80B9 /* MoviesDataSourcePrefetching.swift */; };
		DB961CDB2272E2CB00AC80B9 /* MoviesViewControllerUITests.swift in Sources */ = {isa = PBXBuildFile; fileRef = DB961CDA2272E2CB00AC80B9 /* MoviesViewControllerUITests.swift */; };
		DB961CE02272E7EF00AC80B9 /* NowPlaying1.json in Resources */ = {isa = PBXBuildFile; fileRef = DB961CDC2272E7EE00AC80B9 /* NowPlaying1.json */; };
		DB961CE12272E7EF00AC80B9 /* Similar1.json in Resources */ = {isa = PBXBuildFile; fileRef = DB961CDD2272E7EE00AC80B9 /* Similar1.json */; };
		DB961CE22272E7EF00AC80B9 /* NowPlaying2.json in Resources */ = {isa = PBXBuildFile; fileRef = DB961CDE2272E7EE00AC80B9 /* NowPlaying2.json */; };
		DB961CE32272E7EF00AC80B9 /* Similar2.json in Resources */ = {isa = PBXBuildFile; fileRef = DB961CDF2272E7EF00AC80B9 /* Similar2.json */; };
		DB961CE42272E90400AC80B9 /* OHHTTPStubs.framework in Frameworks */ = {isa = PBXBuildFile; fileRef = DBE3D06D227061A900836C2E /* OHHTTPStubs.framework */; };
		DB961CE62272FABA00AC80B9 /* UITestHelper.swift in Sources */ = {isa = PBXBuildFile; fileRef = DB961CE52272FABA00AC80B9 /* UITestHelper.swift */; };
		DB961CE72272FB0B00AC80B9 /* NowPlaying1.json in Resources */ = {isa = PBXBuildFile; fileRef = DB961CDC2272E7EE00AC80B9 /* NowPlaying1.json */; };
		DB961CE82272FB0B00AC80B9 /* NowPlaying2.json in Resources */ = {isa = PBXBuildFile; fileRef = DB961CDE2272E7EE00AC80B9 /* NowPlaying2.json */; };
		DB961CE92272FB0B00AC80B9 /* Similar1.json in Resources */ = {isa = PBXBuildFile; fileRef = DB961CDD2272E7EE00AC80B9 /* Similar1.json */; };
		DB961CEA2272FB0B00AC80B9 /* Similar2.json in Resources */ = {isa = PBXBuildFile; fileRef = DB961CDF2272E7EF00AC80B9 /* Similar2.json */; };
		DB961CEC2272FCD200AC80B9 /* MovieDetailViewControllerUITests.swift in Sources */ = {isa = PBXBuildFile; fileRef = DB961CEB2272FCD200AC80B9 /* MovieDetailViewControllerUITests.swift */; };
		DBE3D02F22703FD100836C2E /* AppDelegate.swift in Sources */ = {isa = PBXBuildFile; fileRef = DBE3D02E22703FD100836C2E /* AppDelegate.swift */; };
		DBE3D03122703FD100836C2E /* MoviesViewController.swift in Sources */ = {isa = PBXBuildFile; fileRef = DBE3D03022703FD100836C2E /* MoviesViewController.swift */; };
		DBE3D03422703FD100836C2E /* Main.storyboard in Resources */ = {isa = PBXBuildFile; fileRef = DBE3D03222703FD100836C2E /* Main.storyboard */; };
		DBE3D03622703FD200836C2E /* Assets.xcassets in Resources */ = {isa = PBXBuildFile; fileRef = DBE3D03522703FD200836C2E /* Assets.xcassets */; };
		DBE3D03922703FD200836C2E /* LaunchScreen.storyboard in Resources */ = {isa = PBXBuildFile; fileRef = DBE3D03722703FD200836C2E /* LaunchScreen.storyboard */; };
		DBE3D05F227040DA00836C2E /* Movie.swift in Sources */ = {isa = PBXBuildFile; fileRef = DBE3D05E227040DA00836C2E /* Movie.swift */; };
		DBE3D0612270429000836C2E /* JSONCodable.swift in Sources */ = {isa = PBXBuildFile; fileRef = DBE3D0602270429000836C2E /* JSONCodable.swift */; };
		DBE3D0632270435800836C2E /* MovieTests.swift in Sources */ = {isa = PBXBuildFile; fileRef = DBE3D0622270435800836C2E /* MovieTests.swift */; };
		DBE3D06522704BE300836C2E /* APIManager.swift in Sources */ = {isa = PBXBuildFile; fileRef = DBE3D06422704BE300836C2E /* APIManager.swift */; };
		DBE3D06722704DA200836C2E /* MoviesPage.swift in Sources */ = {isa = PBXBuildFile; fileRef = DBE3D06622704DA200836C2E /* MoviesPage.swift */; };
		DBE3D06922704DEF00836C2E /* MoviesPageTests.swift in Sources */ = {isa = PBXBuildFile; fileRef = DBE3D06822704DEF00836C2E /* MoviesPageTests.swift */; };
		DBE3D06B2270601500836C2E /* APIManagerTests.swift in Sources */ = {isa = PBXBuildFile; fileRef = DBE3D06A2270601500836C2E /* APIManagerTests.swift */; };
		DBE3D06E227061A900836C2E /* OHHTTPStubs.framework in Frameworks */ = {isa = PBXBuildFile; fileRef = DBE3D06D227061A900836C2E /* OHHTTPStubs.framework */; };
		DBE3D0722270635B00836C2E /* Similar.json in Resources */ = {isa = PBXBuildFile; fileRef = DBE3D0712270635B00836C2E /* Similar.json */; };
		DBE3D0732270642D00836C2E /* OHHTTPStubs.framework in Frameworks */ = {isa = PBXBuildFile; fileRef = DBE3D06D227061A900836C2E /* OHHTTPStubs.framework */; };
		DBE3D0742270793900836C2E /* NowPlaying.json in Resources */ = {isa = PBXBuildFile; fileRef = DBE3D0702270632700836C2E /* NowPlaying.json */; };
		DBE3D0772270A0BD00836C2E /* NowPlaying_Bad.json in Resources */ = {isa = PBXBuildFile; fileRef = DBE3D0752270A0BD00836C2E /* NowPlaying_Bad.json */; };
		DBE3D0782270A0BD00836C2E /* Similar_Bad.json in Resources */ = {isa = PBXBuildFile; fileRef = DBE3D0762270A0BD00836C2E /* Similar_Bad.json */; };
		DBE3D07C2270AACC00836C2E /* MoviesDataSource.swift in Sources */ = {isa = PBXBuildFile; fileRef = DBE3D07B2270AACC00836C2E /* MoviesDataSource.swift */; };
		DBE3D0812270ADAE00836C2E /* PosterCell.swift in Sources */ = {isa = PBXBuildFile; fileRef = DBE3D07F2270ADAE00836C2E /* PosterCell.swift */; };
		DBE3D0822270ADAE00836C2E /* PosterCell.xib in Resources */ = {isa = PBXBuildFile; fileRef = DBE3D0802270ADAE00836C2E /* PosterCell.xib */; };
		DBE3D0862270AFC500836C2E /* PINOperation.framework in Frameworks */ = {isa = PBXBuildFile; fileRef = DBE3D0832270AFC500836C2E /* PINOperation.framework */; };
		DBE3D0872270AFC500836C2E /* PINCache.framework in Frameworks */ = {isa = PBXBuildFile; fileRef = DBE3D0842270AFC500836C2E /* PINCache.framework */; };
		DBE3D0882270AFC500836C2E /* PINRemoteImage.framework in Frameworks */ = {isa = PBXBuildFile; fileRef = DBE3D0852270AFC500836C2E /* PINRemoteImage.framework */; };
		DBE3D08A227124E300836C2E /* MoviesDelegate.swift in Sources */ = {isa = PBXBuildFile; fileRef = DBE3D089227124E300836C2E /* MoviesDelegate.swift */; };
		DBE3D08C227126D300836C2E /* Global.swift in Sources */ = {isa = PBXBuildFile; fileRef = DBE3D08B227126D300836C2E /* Global.swift */; };
/* End PBXBuildFile section */

/* Begin PBXContainerItemProxy section */
		DBE3D04022703FD200836C2E /* PBXContainerItemProxy */ = {
			isa = PBXContainerItemProxy;
			containerPortal = DBE3D02322703FD100836C2E /* Project object */;
			proxyType = 1;
			remoteGlobalIDString = DBE3D02A22703FD100836C2E;
			remoteInfo = NowPlayingTMDB;
		};
		DBE3D04B22703FD200836C2E /* PBXContainerItemProxy */ = {
			isa = PBXContainerItemProxy;
			containerPortal = DBE3D02322703FD100836C2E /* Project object */;
			proxyType = 1;
			remoteGlobalIDString = DBE3D02A22703FD100836C2E;
			remoteInfo = NowPlayingTMDB;
		};
/* End PBXContainerItemProxy section */

/* Begin PBXFileReference section */
		DB14FF4222731C5100700125 /* FastlaneSnapshot.swift */ = {isa = PBXFileReference; lastKnownFileType = sourcecode.swift; path = FastlaneSnapshot.swift; sourceTree = "<group>"; };
		DB14FF4422732A7600700125 /* SnapshotHelper.swift */ = {isa = PBXFileReference; fileEncoding = 4; lastKnownFileType = sourcecode.swift; path = SnapshotHelper.swift; sourceTree = "<group>"; };
		DB14FF4622734E3700700125 /* SkeletonView.framework */ = {isa = PBXFileReference; lastKnownFileType = wrapper.framework; name = SkeletonView.framework; path = Carthage/Build/iOS/SkeletonView.framework; sourceTree = "<group>"; };
		DB961CCB22718C8900AC80B9 /* MovieDetailViewController.swift */ = {isa = PBXFileReference; lastKnownFileType = sourcecode.swift; path = MovieDetailViewController.swift; sourceTree = "<group>"; };
		DB961CCD22718F5D00AC80B9 /* MovieDetailView.swift */ = {isa = PBXFileReference; lastKnownFileType = sourcecode.swift; path = MovieDetailView.swift; sourceTree = "<group>"; };
		DB961CCF22718F7500AC80B9 /* MovieDetailView.xib */ = {isa = PBXFileReference; lastKnownFileType = file.xib; path = MovieDetailView.xib; sourceTree = "<group>"; };
		DB961CD2227198FF00AC80B9 /* MovieDetailDataSource.swift */ = {isa = PBXFileReference; lastKnownFileType = sourcecode.swift; path = MovieDetailDataSource.swift; sourceTree = "<group>"; };
		DB961CD62272BD8700AC80B9 /* MoviesDataSourcePrefetching.swift */ = {isa = PBXFileReference; lastKnownFileType = sourcecode.swift; path = MoviesDataSourcePrefetching.swift; sourceTree = "<group>"; };
		DB961CDA2272E2CB00AC80B9 /* MoviesViewControllerUITests.swift */ = {isa = PBXFileReference; lastKnownFileType = sourcecode.swift; path = MoviesViewControllerUITests.swift; sourceTree = "<group>"; };
		DB961CDC2272E7EE00AC80B9 /* NowPlaying1.json */ = {isa = PBXFileReference; fileEncoding = 4; lastKnownFileType = text.json; path = NowPlaying1.json; sourceTree = "<group>"; };
		DB961CDD2272E7EE00AC80B9 /* Similar1.json */ = {isa = PBXFileReference; fileEncoding = 4; lastKnownFileType = text.json; path = Similar1.json; sourceTree = "<group>"; };
		DB961CDE2272E7EE00AC80B9 /* NowPlaying2.json */ = {isa = PBXFileReference; fileEncoding = 4; lastKnownFileType = text.json; path = NowPlaying2.json; sourceTree = "<group>"; };
		DB961CDF2272E7EF00AC80B9 /* Similar2.json */ = {isa = PBXFileReference; fileEncoding = 4; lastKnownFileType = text.json; path = Similar2.json; sourceTree = "<group>"; };
		DB961CE52272FABA00AC80B9 /* UITestHelper.swift */ = {isa = PBXFileReference; lastKnownFileType = sourcecode.swift; path = UITestHelper.swift; sourceTree = "<group>"; };
		DB961CEB2272FCD200AC80B9 /* MovieDetailViewControllerUITests.swift */ = {isa = PBXFileReference; lastKnownFileType = sourcecode.swift; path = MovieDetailViewControllerUITests.swift; sourceTree = "<group>"; };
		DBE3D02B22703FD100836C2E /* NowPlayingTMDB.app */ = {isa = PBXFileReference; explicitFileType = wrapper.application; includeInIndex = 0; path = NowPlayingTMDB.app; sourceTree = BUILT_PRODUCTS_DIR; };
		DBE3D02E22703FD100836C2E /* AppDelegate.swift */ = {isa = PBXFileReference; lastKnownFileType = sourcecode.swift; path = AppDelegate.swift; sourceTree = "<group>"; };
		DBE3D03022703FD100836C2E /* MoviesViewController.swift */ = {isa = PBXFileReference; lastKnownFileType = sourcecode.swift; path = MoviesViewController.swift; sourceTree = "<group>"; };
		DBE3D03322703FD100836C2E /* Base */ = {isa = PBXFileReference; lastKnownFileType = file.storyboard; name = Base; path = Base.lproj/Main.storyboard; sourceTree = "<group>"; };
		DBE3D03522703FD200836C2E /* Assets.xcassets */ = {isa = PBXFileReference; lastKnownFileType = folder.assetcatalog; path = Assets.xcassets; sourceTree = "<group>"; };
		DBE3D03822703FD200836C2E /* Base */ = {isa = PBXFileReference; lastKnownFileType = file.storyboard; name = Base; path = Base.lproj/LaunchScreen.storyboard; sourceTree = "<group>"; };
		DBE3D03A22703FD200836C2E /* Info.plist */ = {isa = PBXFileReference; lastKnownFileType = text.plist.xml; path = Info.plist; sourceTree = "<group>"; };
		DBE3D03F22703FD200836C2E /* NowPlayingTMDBTests.xctest */ = {isa = PBXFileReference; explicitFileType = wrapper.cfbundle; includeInIndex = 0; path = NowPlayingTMDBTests.xctest; sourceTree = BUILT_PRODUCTS_DIR; };
		DBE3D04522703FD200836C2E /* Info.plist */ = {isa = PBXFileReference; lastKnownFileType = text.plist.xml; path = Info.plist; sourceTree = "<group>"; };
		DBE3D04A22703FD200836C2E /* NowPlayingTMDBUITests.xctest */ = {isa = PBXFileReference; explicitFileType = wrapper.cfbundle; includeInIndex = 0; path = NowPlayingTMDBUITests.xctest; sourceTree = BUILT_PRODUCTS_DIR; };
		DBE3D05022703FD200836C2E /* Info.plist */ = {isa = PBXFileReference; lastKnownFileType = text.plist.xml; path = Info.plist; sourceTree = "<group>"; };
		DBE3D05E227040DA00836C2E /* Movie.swift */ = {isa = PBXFileReference; lastKnownFileType = sourcecode.swift; path = Movie.swift; sourceTree = "<group>"; };
		DBE3D0602270429000836C2E /* JSONCodable.swift */ = {isa = PBXFileReference; lastKnownFileType = sourcecode.swift; path = JSONCodable.swift; sourceTree = "<group>"; };
		DBE3D0622270435800836C2E /* MovieTests.swift */ = {isa = PBXFileReference; lastKnownFileType = sourcecode.swift; path = MovieTests.swift; sourceTree = "<group>"; };
		DBE3D06422704BE300836C2E /* APIManager.swift */ = {isa = PBXFileReference; lastKnownFileType = sourcecode.swift; path = APIManager.swift; sourceTree = "<group>"; };
		DBE3D06622704DA200836C2E /* MoviesPage.swift */ = {isa = PBXFileReference; lastKnownFileType = sourcecode.swift; path = MoviesPage.swift; sourceTree = "<group>"; };
		DBE3D06822704DEF00836C2E /* MoviesPageTests.swift */ = {isa = PBXFileReference; lastKnownFileType = sourcecode.swift; path = MoviesPageTests.swift; sourceTree = "<group>"; };
		DBE3D06A2270601500836C2E /* APIManagerTests.swift */ = {isa = PBXFileReference; lastKnownFileType = sourcecode.swift; path = APIManagerTests.swift; sourceTree = "<group>"; };
		DBE3D06D227061A900836C2E /* OHHTTPStubs.framework */ = {isa = PBXFileReference; lastKnownFileType = wrapper.framework; name = OHHTTPStubs.framework; path = Carthage/Build/iOS/OHHTTPStubs.framework; sourceTree = "<group>"; };
		DBE3D0702270632700836C2E /* NowPlaying.json */ = {isa = PBXFileReference; lastKnownFileType = text.json; path = NowPlaying.json; sourceTree = "<group>"; };
		DBE3D0712270635B00836C2E /* Similar.json */ = {isa = PBXFileReference; fileEncoding = 4; lastKnownFileType = text.json; path = Similar.json; sourceTree = "<group>"; };
		DBE3D0752270A0BD00836C2E /* NowPlaying_Bad.json */ = {isa = PBXFileReference; fileEncoding = 4; lastKnownFileType = text.json; path = NowPlaying_Bad.json; sourceTree = "<group>"; };
		DBE3D0762270A0BD00836C2E /* Similar_Bad.json */ = {isa = PBXFileReference; fileEncoding = 4; lastKnownFileType = text.json; path = Similar_Bad.json; sourceTree = "<group>"; };
		DBE3D07B2270AACC00836C2E /* MoviesDataSource.swift */ = {isa = PBXFileReference; lastKnownFileType = sourcecode.swift; path = MoviesDataSource.swift; sourceTree = "<group>"; };
		DBE3D07F2270ADAE00836C2E /* PosterCell.swift */ = {isa = PBXFileReference; lastKnownFileType = sourcecode.swift; path = PosterCell.swift; sourceTree = "<group>"; };
		DBE3D0802270ADAE00836C2E /* PosterCell.xib */ = {isa = PBXFileReference; lastKnownFileType = file.xib; path = PosterCell.xib; sourceTree = "<group>"; };
		DBE3D0832270AFC500836C2E /* PINOperation.framework */ = {isa = PBXFileReference; lastKnownFileType = wrapper.framework; name = PINOperation.framework; path = Carthage/Build/iOS/PINOperation.framework; sourceTree = "<group>"; };
		DBE3D0842270AFC500836C2E /* PINCache.framework */ = {isa = PBXFileReference; lastKnownFileType = wrapper.framework; name = PINCache.framework; path = Carthage/Build/iOS/PINCache.framework; sourceTree = "<group>"; };
		DBE3D0852270AFC500836C2E /* PINRemoteImage.framework */ = {isa = PBXFileReference; lastKnownFileType = wrapper.framework; name = PINRemoteImage.framework; path = Carthage/Build/iOS/PINRemoteImage.framework; sourceTree = "<group>"; };
		DBE3D089227124E300836C2E /* MoviesDelegate.swift */ = {isa = PBXFileReference; lastKnownFileType = sourcecode.swift; path = MoviesDelegate.swift; sourceTree = "<group>"; };
		DBE3D08B227126D300836C2E /* Global.swift */ = {isa = PBXFileReference; lastKnownFileType = sourcecode.swift; path = Global.swift; sourceTree = "<group>"; };
/* End PBXFileReference section */

/* Begin PBXFrameworksBuildPhase section */
		DBE3D02822703FD100836C2E /* Frameworks */ = {
			isa = PBXFrameworksBuildPhase;
			buildActionMask = 2147483647;
			files = (
				DB14FF4722734E3700700125 /* SkeletonView.framework in Frameworks */,
				DBE3D0862270AFC500836C2E /* PINOperation.framework in Frameworks */,
				DBE3D0872270AFC500836C2E /* PINCache.framework in Frameworks */,
				DBE3D0882270AFC500836C2E /* PINRemoteImage.framework in Frameworks */,
				DBE3D06E227061A900836C2E /* OHHTTPStubs.framework in Frameworks */,
			);
			runOnlyForDeploymentPostprocessing = 0;
		};
		DBE3D03C22703FD200836C2E /* Frameworks */ = {
			isa = PBXFrameworksBuildPhase;
			buildActionMask = 2147483647;
			files = (
				DBE3D0732270642D00836C2E /* OHHTTPStubs.framework in Frameworks */,
			);
			runOnlyForDeploymentPostprocessing = 0;
		};
		DBE3D04722703FD200836C2E /* Frameworks */ = {
			isa = PBXFrameworksBuildPhase;
			buildActionMask = 2147483647;
			files = (
				DB961CE42272E90400AC80B9 /* OHHTTPStubs.framework in Frameworks */,
			);
			runOnlyForDeploymentPostprocessing = 0;
		};
/* End PBXFrameworksBuildPhase section */

/* Begin PBXGroup section */
		DB961CD1227198C600AC80B9 /* Detail */ = {
			isa = PBXGroup;
			children = (
				DB961CCB22718C8900AC80B9 /* MovieDetailViewController.swift */,
				DB961CCD22718F5D00AC80B9 /* MovieDetailView.swift */,
				DB961CCF22718F7500AC80B9 /* MovieDetailView.xib */,
				DB961CD2227198FF00AC80B9 /* MovieDetailDataSource.swift */,
			);
			path = Detail;
			sourceTree = "<group>";
		};
		DBE3D02222703FD100836C2E = {
			isa = PBXGroup;
			children = (
				DBE3D02D22703FD100836C2E /* NowPlayingTMDB */,
				DBE3D04222703FD200836C2E /* NowPlayingTMDBTests */,
				DBE3D04D22703FD200836C2E /* NowPlayingTMDBUITests */,
				DBE3D02C22703FD100836C2E /* Products */,
				DBE3D06C227061A900836C2E /* Frameworks */,
			);
			sourceTree = "<group>";
		};
		DBE3D02C22703FD100836C2E /* Products */ = {
			isa = PBXGroup;
			children = (
				DBE3D02B22703FD100836C2E /* NowPlayingTMDB.app */,
				DBE3D03F22703FD200836C2E /* NowPlayingTMDBTests.xctest */,
				DBE3D04A22703FD200836C2E /* NowPlayingTMDBUITests.xctest */,
			);
			name = Products;
			sourceTree = "<group>";
		};
		DBE3D02D22703FD100836C2E /* NowPlayingTMDB */ = {
			isa = PBXGroup;
			children = (
				DBE3D0792270AA8200836C2E /* Views */,
				DBE3D05D227040AF00836C2E /* Models */,
				DBE3D05C2270409900836C2E /* API */,
				DBE3D02E22703FD100836C2E /* AppDelegate.swift */,
				DBE3D03222703FD100836C2E /* Main.storyboard */,
				DBE3D03522703FD200836C2E /* Assets.xcassets */,
				DBE3D03722703FD200836C2E /* LaunchScreen.storyboard */,
				DBE3D03A22703FD200836C2E /* Info.plist */,
				DB961CE52272FABA00AC80B9 /* UITestHelper.swift */,
			);
			path = NowPlayingTMDB;
			sourceTree = "<group>";
		};
		DBE3D04222703FD200836C2E /* NowPlayingTMDBTests */ = {
			isa = PBXGroup;
			children = (
				DBE3D0752270A0BD00836C2E /* NowPlaying_Bad.json */,
				DBE3D0762270A0BD00836C2E /* Similar_Bad.json */,
				DBE3D04522703FD200836C2E /* Info.plist */,
				DBE3D0622270435800836C2E /* MovieTests.swift */,
				DBE3D06822704DEF00836C2E /* MoviesPageTests.swift */,
				DBE3D06A2270601500836C2E /* APIManagerTests.swift */,
				DBE3D0702270632700836C2E /* NowPlaying.json */,
				DBE3D0712270635B00836C2E /* Similar.json */,
			);
			path = NowPlayingTMDBTests;
			sourceTree = "<group>";
		};
		DBE3D04D22703FD200836C2E /* NowPlayingTMDBUITests */ = {
			isa = PBXGroup;
			children = (
				DB14FF4422732A7600700125 /* SnapshotHelper.swift */,
				DB961CDC2272E7EE00AC80B9 /* NowPlaying1.json */,
				DB961CDE2272E7EE00AC80B9 /* NowPlaying2.json */,
				DB961CDD2272E7EE00AC80B9 /* Similar1.json */,
				DB961CDF2272E7EF00AC80B9 /* Similar2.json */,
				DBE3D05022703FD200836C2E /* Info.plist */,
				DB961CDA2272E2CB00AC80B9 /* MoviesViewControllerUITests.swift */,
				DB961CEB2272FCD200AC80B9 /* MovieDetailViewControllerUITests.swift */,
				DB14FF4222731C5100700125 /* FastlaneSnapshot.swift */,
			);
			path = NowPlayingTMDBUITests;
			sourceTree = "<group>";
		};
		DBE3D05C2270409900836C2E /* API */ = {
			isa = PBXGroup;
			children = (
				DBE3D06422704BE300836C2E /* APIManager.swift */,
			);
			path = API;
			sourceTree = "<group>";
		};
		DBE3D05D227040AF00836C2E /* Models */ = {
			isa = PBXGroup;
			children = (
				DBE3D05E227040DA00836C2E /* Movie.swift */,
				DBE3D0602270429000836C2E /* JSONCodable.swift */,
				DBE3D06622704DA200836C2E /* MoviesPage.swift */,
				DBE3D08B227126D300836C2E /* Global.swift */,
			);
			path = Models;
			sourceTree = "<group>";
		};
		DBE3D06C227061A900836C2E /* Frameworks */ = {
			isa = PBXGroup;
			children = (
				DB14FF4622734E3700700125 /* SkeletonView.framework */,
				DBE3D0842270AFC500836C2E /* PINCache.framework */,
				DBE3D0832270AFC500836C2E /* PINOperation.framework */,
				DBE3D0852270AFC500836C2E /* PINRemoteImage.framework */,
				DBE3D06D227061A900836C2E /* OHHTTPStubs.framework */,
			);
			name = Frameworks;
			sourceTree = "<group>";
		};
		DBE3D0792270AA8200836C2E /* Views */ = {
			isa = PBXGroup;
			children = (
				DB961CD1227198C600AC80B9 /* Detail */,
				DBE3D07A2270AA9200836C2E /* NowPlaying */,
				DBE3D07F2270ADAE00836C2E /* PosterCell.swift */,
				DBE3D0802270ADAE00836C2E /* PosterCell.xib */,
				DB961CD62272BD8700AC80B9 /* MoviesDataSourcePrefetching.swift */,
			);
			path = Views;
			sourceTree = "<group>";
		};
		DBE3D07A2270AA9200836C2E /* NowPlaying */ = {
			isa = PBXGroup;
			children = (
				DBE3D03022703FD100836C2E /* MoviesViewController.swift */,
				DBE3D07B2270AACC00836C2E /* MoviesDataSource.swift */,
				DBE3D089227124E300836C2E /* MoviesDelegate.swift */,
			);
			path = NowPlaying;
			sourceTree = "<group>";
		};
/* End PBXGroup section */

/* Begin PBXNativeTarget section */
		DBE3D02A22703FD100836C2E /* NowPlayingTMDB */ = {
			isa = PBXNativeTarget;
			buildConfigurationList = DBE3D05322703FD200836C2E /* Build configuration list for PBXNativeTarget "NowPlayingTMDB" */;
			buildPhases = (
				DBE3D02722703FD100836C2E /* Sources */,
				DBE3D02822703FD100836C2E /* Frameworks */,
				DBE3D02922703FD100836C2E /* Resources */,
				DBE3D06F227061CC00836C2E /* Carthage */,
			);
			buildRules = (
			);
			dependencies = (
			);
			name = NowPlayingTMDB;
			productName = NowPlayingTMDB;
			productReference = DBE3D02B22703FD100836C2E /* NowPlayingTMDB.app */;
			productType = "com.apple.product-type.application";
		};
		DBE3D03E22703FD200836C2E /* NowPlayingTMDBTests */ = {
			isa = PBXNativeTarget;
			buildConfigurationList = DBE3D05622703FD200836C2E /* Build configuration list for PBXNativeTarget "NowPlayingTMDBTests" */;
			buildPhases = (
				DBE3D03B22703FD200836C2E /* Sources */,
				DBE3D03C22703FD200836C2E /* Frameworks */,
				DBE3D03D22703FD200836C2E /* Resources */,
			);
			buildRules = (
			);
			dependencies = (
				DBE3D04122703FD200836C2E /* PBXTargetDependency */,
			);
			name = NowPlayingTMDBTests;
			productName = NowPlayingTMDBTests;
			productReference = DBE3D03F22703FD200836C2E /* NowPlayingTMDBTests.xctest */;
			productType = "com.apple.product-type.bundle.unit-test";
		};
		DBE3D04922703FD200836C2E /* NowPlayingTMDBUITests */ = {
			isa = PBXNativeTarget;
			buildConfigurationList = DBE3D05922703FD200836C2E /* Build configuration list for PBXNativeTarget "NowPlayingTMDBUITests" */;
			buildPhases = (
				DBE3D04622703FD200836C2E /* Sources */,
				DBE3D04722703FD200836C2E /* Frameworks */,
				DBE3D04822703FD200836C2E /* Resources */,
			);
			buildRules = (
			);
			dependencies = (
				DBE3D04C22703FD200836C2E /* PBXTargetDependency */,
			);
			name = NowPlayingTMDBUITests;
			productName = NowPlayingTMDBUITests;
			productReference = DBE3D04A22703FD200836C2E /* NowPlayingTMDBUITests.xctest */;
			productType = "com.apple.product-type.bundle.ui-testing";
		};
/* End PBXNativeTarget section */

/* Begin PBXProject section */
		DBE3D02322703FD100836C2E /* Project object */ = {
			isa = PBXProject;
			attributes = {
				LastSwiftUpdateCheck = 1020;
				LastUpgradeCheck = 1020;
				ORGANIZATIONNAME = Yfujiki;
				TargetAttributes = {
					DBE3D02A22703FD100836C2E = {
						CreatedOnToolsVersion = 10.2.1;
					};
					DBE3D03E22703FD200836C2E = {
						CreatedOnToolsVersion = 10.2.1;
						TestTargetID = DBE3D02A22703FD100836C2E;
					};
					DBE3D04922703FD200836C2E = {
						CreatedOnToolsVersion = 10.2.1;
						TestTargetID = DBE3D02A22703FD100836C2E;
					};
				};
			};
			buildConfigurationList = DBE3D02622703FD100836C2E /* Build configuration list for PBXProject "NowPlayingTMDB" */;
			compatibilityVersion = "Xcode 9.3";
			developmentRegion = en;
			hasScannedForEncodings = 0;
			knownRegions = (
				en,
				Base,
			);
			mainGroup = DBE3D02222703FD100836C2E;
			productRefGroup = DBE3D02C22703FD100836C2E /* Products */;
			projectDirPath = "";
			projectRoot = "";
			targets = (
				DBE3D02A22703FD100836C2E /* NowPlayingTMDB */,
				DBE3D03E22703FD200836C2E /* NowPlayingTMDBTests */,
				DBE3D04922703FD200836C2E /* NowPlayingTMDBUITests */,
			);
		};
/* End PBXProject section */

/* Begin PBXResourcesBuildPhase section */
		DBE3D02922703FD100836C2E /* Resources */ = {
			isa = PBXResourcesBuildPhase;
			buildActionMask = 2147483647;
			files = (
				DB961CE72272FB0B00AC80B9 /* NowPlaying1.json in Resources */,
				DB961CE82272FB0B00AC80B9 /* NowPlaying2.json in Resources */,
				DB961CE92272FB0B00AC80B9 /* Similar1.json in Resources */,
				DB961CEA2272FB0B00AC80B9 /* Similar2.json in Resources */,
				DBE3D0822270ADAE00836C2E /* PosterCell.xib in Resources */,
				DBE3D03922703FD200836C2E /* LaunchScreen.storyboard in Resources */,
				DBE3D03622703FD200836C2E /* Assets.xcassets in Resources */,
				DB961CD022718F7500AC80B9 /* MovieDetailView.xib in Resources */,
				DBE3D03422703FD100836C2E /* Main.storyboard in Resources */,
			);
			runOnlyForDeploymentPostprocessing = 0;
		};
		DBE3D03D22703FD200836C2E /* Resources */ = {
			isa = PBXResourcesBuildPhase;
			buildActionMask = 2147483647;
			files = (
				DBE3D0742270793900836C2E /* NowPlaying.json in Resources */,
				DBE3D0772270A0BD00836C2E /* NowPlaying_Bad.json in Resources */,
				DBE3D0722270635B00836C2E /* Similar.json in Resources */,
				DBE3D0782270A0BD00836C2E /* Similar_Bad.json in Resources */,
			);
			runOnlyForDeploymentPostprocessing = 0;
		};
		DBE3D04822703FD200836C2E /* Resources */ = {
			isa = PBXResourcesBuildPhase;
			buildActionMask = 2147483647;
			files = (
				DB961CE32272E7EF00AC80B9 /* Similar2.json in Resources */,
				DB961CE22272E7EF00AC80B9 /* NowPlaying2.json in Resources */,
				DB961CE02272E7EF00AC80B9 /* NowPlaying1.json in Resources */,
				DB961CE12272E7EF00AC80B9 /* Similar1.json in Resources */,
			);
			runOnlyForDeploymentPostprocessing = 0;
		};
/* End PBXResourcesBuildPhase section */

/* Begin PBXShellScriptBuildPhase section */
		DBE3D06F227061CC00836C2E /* Carthage */ = {
			isa = PBXShellScriptBuildPhase;
			buildActionMask = 2147483647;
			files = (
			);
			inputFileListPaths = (
			);
			inputPaths = (
				"$(SRCROOT)/Carthage/Build/iOS/OHHTTPStubs.framework",
				"$(SRCROOT)/Carthage/Build/iOS/PINOperation.framework",
				"$(SRCROOT)/Carthage/Build/iOS/PINCache.framework",
				"$(SRCROOT)/Carthage/Build/iOS/PINRemoteImage.framework",
				"$(SRCROOT)/Carthage/Build/iOS/SkeletonView.framework",
			);
			name = Carthage;
			outputFileListPaths = (
			);
			outputPaths = (
				"$(BUILT_PRODUCTS_DIR)/$(FRAMEWORKS_FOLDER_PATH)/OHHTTPStubs.framework",
				"$(BUILT_PRODUCTS_DIR)/$(FRAMEWORKS_FOLDER_PATH)/PINOperation.framework",
				"$(BUILT_PRODUCTS_DIR)/$(FRAMEWORKS_FOLDER_PATH)/PINCache.framework",
				"$(BUILT_PRODUCTS_DIR)/$(FRAMEWORKS_FOLDER_PATH)/PINRemoteImage.framework",
				"$(BUILT_PRODUCTS_DIR)/$(FRAMEWORKS_FOLDER_PATH)/SkeletonView.framework",
			);
			runOnlyForDeploymentPostprocessing = 0;
			shellPath = /bin/sh;
			shellScript = "# Type a script or drag a script file from your workspace to insert its path.\n/usr/local/bin/carthage copy-frameworks\n";
		};
/* End PBXShellScriptBuildPhase section */

/* Begin PBXSourcesBuildPhase section */
		DBE3D02722703FD100836C2E /* Sources */ = {
			isa = PBXSourcesBuildPhase;
			buildActionMask = 2147483647;
			files = (
				DBE3D08A227124E300836C2E /* MoviesDelegate.swift in Sources */,
				DBE3D0812270ADAE00836C2E /* PosterCell.swift in Sources */,
				DBE3D03122703FD100836C2E /* MoviesViewController.swift in Sources */,
				DBE3D02F22703FD100836C2E /* AppDelegate.swift in Sources */,
				DB961CD72272BD8700AC80B9 /* MoviesDataSourcePrefetching.swift in Sources */,
				DBE3D06522704BE300836C2E /* APIManager.swift in Sources */,
				DBE3D08C227126D300836C2E /* Global.swift in Sources */,
				DB961CCE22718F5D00AC80B9 /* MovieDetailView.swift in Sources */,
				DBE3D07C2270AACC00836C2E /* MoviesDataSource.swift in Sources */,
				DBE3D06722704DA200836C2E /* MoviesPage.swift in Sources */,
				DBE3D05F227040DA00836C2E /* Movie.swift in Sources */,
				DB961CCC22718C8900AC80B9 /* MovieDetailViewController.swift in Sources */,
				DB961CE62272FABA00AC80B9 /* UITestHelper.swift in Sources */,
				DB961CD3227198FF00AC80B9 /* MovieDetailDataSource.swift in Sources */,
				DBE3D0612270429000836C2E /* JSONCodable.swift in Sources */,
			);
			runOnlyForDeploymentPostprocessing = 0;
		};
		DBE3D03B22703FD200836C2E /* Sources */ = {
			isa = PBXSourcesBuildPhase;
			buildActionMask = 2147483647;
			files = (
				DBE3D06B2270601500836C2E /* APIManagerTests.swift in Sources */,
				DBE3D0632270435800836C2E /* MovieTests.swift in Sources */,
				DBE3D06922704DEF00836C2E /* MoviesPageTests.swift in Sources */,
			);
			runOnlyForDeploymentPostprocessing = 0;
		};
		DBE3D04622703FD200836C2E /* Sources */ = {
			isa = PBXSourcesBuildPhase;
			buildActionMask = 2147483647;
			files = (
				DB14FF4322731C5100700125 /* FastlaneSnapshot.swift in Sources */,
				DB961CEC2272FCD200AC80B9 /* MovieDetailViewControllerUITests.swift in Sources */,
				DB961CDB2272E2CB00AC80B9 /* MoviesViewControllerUITests.swift in Sources */,
				DB14FF4522732A7600700125 /* SnapshotHelper.swift in Sources */,
			);
			runOnlyForDeploymentPostprocessing = 0;
		};
/* End PBXSourcesBuildPhase section */

/* Begin PBXTargetDependency section */
		DBE3D04122703FD200836C2E /* PBXTargetDependency */ = {
			isa = PBXTargetDependency;
			target = DBE3D02A22703FD100836C2E /* NowPlayingTMDB */;
			targetProxy = DBE3D04022703FD200836C2E /* PBXContainerItemProxy */;
		};
		DBE3D04C22703FD200836C2E /* PBXTargetDependency */ = {
			isa = PBXTargetDependency;
			target = DBE3D02A22703FD100836C2E /* NowPlayingTMDB */;
			targetProxy = DBE3D04B22703FD200836C2E /* PBXContainerItemProxy */;
		};
/* End PBXTargetDependency section */

/* Begin PBXVariantGroup section */
		DBE3D03222703FD100836C2E /* Main.storyboard */ = {
			isa = PBXVariantGroup;
			children = (
				DBE3D03322703FD100836C2E /* Base */,
			);
			name = Main.storyboard;
			sourceTree = "<group>";
		};
		DBE3D03722703FD200836C2E /* LaunchScreen.storyboard */ = {
			isa = PBXVariantGroup;
			children = (
				DBE3D03822703FD200836C2E /* Base */,
			);
			name = LaunchScreen.storyboard;
			sourceTree = "<group>";
		};
/* End PBXVariantGroup section */

/* Begin XCBuildConfiguration section */
		DBE3D05122703FD200836C2E /* Debug */ = {
			isa = XCBuildConfiguration;
			buildSettings = {
				ALWAYS_SEARCH_USER_PATHS = NO;
				CLANG_ANALYZER_NONNULL = YES;
				CLANG_ANALYZER_NUMBER_OBJECT_CONVERSION = YES_AGGRESSIVE;
				CLANG_CXX_LANGUAGE_STANDARD = "gnu++14";
				CLANG_CXX_LIBRARY = "libc++";
				CLANG_ENABLE_MODULES = YES;
				CLANG_ENABLE_OBJC_ARC = YES;
				CLANG_ENABLE_OBJC_WEAK = YES;
				CLANG_WARN_BLOCK_CAPTURE_AUTORELEASING = YES;
				CLANG_WARN_BOOL_CONVERSION = YES;
				CLANG_WARN_COMMA = YES;
				CLANG_WARN_CONSTANT_CONVERSION = YES;
				CLANG_WARN_DEPRECATED_OBJC_IMPLEMENTATIONS = YES;
				CLANG_WARN_DIRECT_OBJC_ISA_USAGE = YES_ERROR;
				CLANG_WARN_DOCUMENTATION_COMMENTS = YES;
				CLANG_WARN_EMPTY_BODY = YES;
				CLANG_WARN_ENUM_CONVERSION = YES;
				CLANG_WARN_INFINITE_RECURSION = YES;
				CLANG_WARN_INT_CONVERSION = YES;
				CLANG_WARN_NON_LITERAL_NULL_CONVERSION = YES;
				CLANG_WARN_OBJC_IMPLICIT_RETAIN_SELF = YES;
				CLANG_WARN_OBJC_LITERAL_CONVERSION = YES;
				CLANG_WARN_OBJC_ROOT_CLASS = YES_ERROR;
				CLANG_WARN_RANGE_LOOP_ANALYSIS = YES;
				CLANG_WARN_STRICT_PROTOTYPES = YES;
				CLANG_WARN_SUSPICIOUS_MOVE = YES;
				CLANG_WARN_UNGUARDED_AVAILABILITY = YES_AGGRESSIVE;
				CLANG_WARN_UNREACHABLE_CODE = YES;
				CLANG_WARN__DUPLICATE_METHOD_MATCH = YES;
				CODE_SIGN_IDENTITY = "iPhone Developer";
				COPY_PHASE_STRIP = NO;
				DEBUG_INFORMATION_FORMAT = dwarf;
				ENABLE_STRICT_OBJC_MSGSEND = YES;
				ENABLE_TESTABILITY = YES;
				GCC_C_LANGUAGE_STANDARD = gnu11;
				GCC_DYNAMIC_NO_PIC = NO;
				GCC_NO_COMMON_BLOCKS = YES;
				GCC_OPTIMIZATION_LEVEL = 0;
				GCC_PREPROCESSOR_DEFINITIONS = (
					"DEBUG=1",
					"$(inherited)",
				);
				GCC_WARN_64_TO_32_BIT_CONVERSION = YES;
				GCC_WARN_ABOUT_RETURN_TYPE = YES_ERROR;
				GCC_WARN_UNDECLARED_SELECTOR = YES;
				GCC_WARN_UNINITIALIZED_AUTOS = YES_AGGRESSIVE;
				GCC_WARN_UNUSED_FUNCTION = YES;
				GCC_WARN_UNUSED_VARIABLE = YES;
				IPHONEOS_DEPLOYMENT_TARGET = 12.2;
				MTL_ENABLE_DEBUG_INFO = INCLUDE_SOURCE;
				MTL_FAST_MATH = YES;
				ONLY_ACTIVE_ARCH = YES;
				SDKROOT = iphoneos;
				SWIFT_ACTIVE_COMPILATION_CONDITIONS = DEBUG;
				SWIFT_OPTIMIZATION_LEVEL = "-Onone";
			};
			name = Debug;
		};
		DBE3D05222703FD200836C2E /* Release */ = {
			isa = XCBuildConfiguration;
			buildSettings = {
				ALWAYS_SEARCH_USER_PATHS = NO;
				CLANG_ANALYZER_NONNULL = YES;
				CLANG_ANALYZER_NUMBER_OBJECT_CONVERSION = YES_AGGRESSIVE;
				CLANG_CXX_LANGUAGE_STANDARD = "gnu++14";
				CLANG_CXX_LIBRARY = "libc++";
				CLANG_ENABLE_MODULES = YES;
				CLANG_ENABLE_OBJC_ARC = YES;
				CLANG_ENABLE_OBJC_WEAK = YES;
				CLANG_WARN_BLOCK_CAPTURE_AUTORELEASING = YES;
				CLANG_WARN_BOOL_CONVERSION = YES;
				CLANG_WARN_COMMA = YES;
				CLANG_WARN_CONSTANT_CONVERSION = YES;
				CLANG_WARN_DEPRECATED_OBJC_IMPLEMENTATIONS = YES;
				CLANG_WARN_DIRECT_OBJC_ISA_USAGE = YES_ERROR;
				CLANG_WARN_DOCUMENTATION_COMMENTS = YES;
				CLANG_WARN_EMPTY_BODY = YES;
				CLANG_WARN_ENUM_CONVERSION = YES;
				CLANG_WARN_INFINITE_RECURSION = YES;
				CLANG_WARN_INT_CONVERSION = YES;
				CLANG_WARN_NON_LITERAL_NULL_CONVERSION = YES;
				CLANG_WARN_OBJC_IMPLICIT_RETAIN_SELF = YES;
				CLANG_WARN_OBJC_LITERAL_CONVERSION = YES;
				CLANG_WARN_OBJC_ROOT_CLASS = YES_ERROR;
				CLANG_WARN_RANGE_LOOP_ANALYSIS = YES;
				CLANG_WARN_STRICT_PROTOTYPES = YES;
				CLANG_WARN_SUSPICIOUS_MOVE = YES;
				CLANG_WARN_UNGUARDED_AVAILABILITY = YES_AGGRESSIVE;
				CLANG_WARN_UNREACHABLE_CODE = YES;
				CLANG_WARN__DUPLICATE_METHOD_MATCH = YES;
				CODE_SIGN_IDENTITY = "iPhone Developer";
				COPY_PHASE_STRIP = NO;
				DEBUG_INFORMATION_FORMAT = "dwarf-with-dsym";
				ENABLE_NS_ASSERTIONS = NO;
				ENABLE_STRICT_OBJC_MSGSEND = YES;
				ENABLE_TESTABILITY = YES;
				GCC_C_LANGUAGE_STANDARD = gnu11;
				GCC_NO_COMMON_BLOCKS = YES;
				GCC_WARN_64_TO_32_BIT_CONVERSION = YES;
				GCC_WARN_ABOUT_RETURN_TYPE = YES_ERROR;
				GCC_WARN_UNDECLARED_SELECTOR = YES;
				GCC_WARN_UNINITIALIZED_AUTOS = YES_AGGRESSIVE;
				GCC_WARN_UNUSED_FUNCTION = YES;
				GCC_WARN_UNUSED_VARIABLE = YES;
				IPHONEOS_DEPLOYMENT_TARGET = 12.2;
				MTL_ENABLE_DEBUG_INFO = NO;
				MTL_FAST_MATH = YES;
				SDKROOT = iphoneos;
				SWIFT_COMPILATION_MODE = wholemodule;
				SWIFT_OPTIMIZATION_LEVEL = "-O";
				VALIDATE_PRODUCT = YES;
			};
			name = Release;
		};
		DBE3D05422703FD200836C2E /* Debug */ = {
			isa = XCBuildConfiguration;
			buildSettings = {
				ASSETCATALOG_COMPILER_APPICON_NAME = AppIcon;
				CODE_SIGN_STYLE = Automatic;
				DEVELOPMENT_TEAM = BTWWPDZ4GE;
				FRAMEWORK_SEARCH_PATHS = (
					"$(inherited)",
					"$(PROJECT_DIR)/Carthage/Build/iOS",
				);
				INFOPLIST_FILE = NowPlayingTMDB/Info.plist;
				LD_RUNPATH_SEARCH_PATHS = (
					"$(inherited)",
					"@executable_path/Frameworks",
				);
				PRODUCT_BUNDLE_IDENTIFIER = com.yfujiki.NowPlayingTMDB;
				PRODUCT_NAME = "$(TARGET_NAME)";
				SWIFT_VERSION = 5.0;
				TARGETED_DEVICE_FAMILY = "1,2";
			};
			name = Debug;
		};
		DBE3D05522703FD200836C2E /* Release */ = {
			isa = XCBuildConfiguration;
			buildSettings = {
				ASSETCATALOG_COMPILER_APPICON_NAME = AppIcon;
				CODE_SIGN_STYLE = Automatic;
				DEVELOPMENT_TEAM = BTWWPDZ4GE;
				FRAMEWORK_SEARCH_PATHS = (
					"$(inherited)",
					"$(PROJECT_DIR)/Carthage/Build/iOS",
				);
				INFOPLIST_FILE = NowPlayingTMDB/Info.plist;
				LD_RUNPATH_SEARCH_PATHS = (
					"$(inherited)",
					"@executable_path/Frameworks",
				);
				PRODUCT_BUNDLE_IDENTIFIER = com.yfujiki.NowPlayingTMDB;
				PRODUCT_NAME = "$(TARGET_NAME)";
				SWIFT_VERSION = 5.0;
				TARGETED_DEVICE_FAMILY = "1,2";
			};
			name = Release;
		};
		DBE3D05722703FD200836C2E /* Debug */ = {
			isa = XCBuildConfiguration;
			buildSettings = {
				ALWAYS_EMBED_SWIFT_STANDARD_LIBRARIES = YES;
				BUNDLE_LOADER = "$(TEST_HOST)";
				CODE_SIGN_STYLE = Automatic;
				DEVELOPMENT_TEAM = BTWWPDZ4GE;
				FRAMEWORK_SEARCH_PATHS = (
					"$(inherited)",
					"$(PROJECT_DIR)/Carthage/Build/iOS",
				);
				INFOPLIST_FILE = NowPlayingTMDBTests/Info.plist;
				LD_RUNPATH_SEARCH_PATHS = (
					"$(inherited)",
					"@executable_path/Frameworks",
					"@loader_path/Frameworks",
				);
				PRODUCT_BUNDLE_IDENTIFIER = com.yfujiki.NowPlayingTMDBTests;
				PRODUCT_NAME = "$(TARGET_NAME)";
				SWIFT_VERSION = 5.0;
				TARGETED_DEVICE_FAMILY = "1,2";
				TEST_HOST = "$(BUILT_PRODUCTS_DIR)/NowPlayingTMDB.app/NowPlayingTMDB";
			};
			name = Debug;
		};
		DBE3D05822703FD200836C2E /* Release */ = {
			isa = XCBuildConfiguration;
			buildSettings = {
				ALWAYS_EMBED_SWIFT_STANDARD_LIBRARIES = YES;
				BUNDLE_LOADER = "$(TEST_HOST)";
				CODE_SIGN_STYLE = Automatic;
				DEVELOPMENT_TEAM = BTWWPDZ4GE;
				FRAMEWORK_SEARCH_PATHS = (
					"$(inherited)",
					"$(PROJECT_DIR)/Carthage/Build/iOS",
				);
				INFOPLIST_FILE = NowPlayingTMDBTests/Info.plist;
				LD_RUNPATH_SEARCH_PATHS = (
					"$(inherited)",
					"@executable_path/Frameworks",
					"@loader_path/Frameworks",
				);
				PRODUCT_BUNDLE_IDENTIFIER = com.yfujiki.NowPlayingTMDBTests;
				PRODUCT_NAME = "$(TARGET_NAME)";
				SWIFT_VERSION = 5.0;
				TARGETED_DEVICE_FAMILY = "1,2";
				TEST_HOST = "$(BUILT_PRODUCTS_DIR)/NowPlayingTMDB.app/NowPlayingTMDB";
			};
			name = Release;
		};
		DBE3D05A22703FD200836C2E /* Debug */ = {
			isa = XCBuildConfiguration;
			buildSettings = {
				ALWAYS_EMBED_SWIFT_STANDARD_LIBRARIES = YES;
				CODE_SIGN_STYLE = Automatic;
				DEVELOPMENT_TEAM = BTWWPDZ4GE;
				FRAMEWORK_SEARCH_PATHS = (
					"$(inherited)",
					"$(PROJECT_DIR)/Carthage/Build/iOS",
				);
				INFOPLIST_FILE = NowPlayingTMDBUITests/Info.plist;
				LD_RUNPATH_SEARCH_PATHS = (
					"$(inherited)",
					"@executable_path/Frameworks",
					"@loader_path/Frameworks",
					"$(SRCROOT)/Carthage/Build/iOS/",
				);
				PRODUCT_BUNDLE_IDENTIFIER = com.yfujiki.NowPlayingTMDBUITests;
				PRODUCT_NAME = "$(TARGET_NAME)";
				SWIFT_VERSION = 5.0;
				TARGETED_DEVICE_FAMILY = "1,2";
				TEST_TARGET_NAME = NowPlayingTMDB;
			};
			name = Debug;
		};
		DBE3D05B22703FD200836C2E /* Release */ = {
			isa = XCBuildConfiguration;
			buildSettings = {
				ALWAYS_EMBED_SWIFT_STANDARD_LIBRARIES = YES;
				CODE_SIGN_STYLE = Automatic;
				DEVELOPMENT_TEAM = BTWWPDZ4GE;
				FRAMEWORK_SEARCH_PATHS = (
					"$(inherited)",
					"$(PROJECT_DIR)/Carthage/Build/iOS",
				);
				INFOPLIST_FILE = NowPlayingTMDBUITests/Info.plist;
				LD_RUNPATH_SEARCH_PATHS = (
					"$(inherited)",
					"@executable_path/Frameworks",
					"@loader_path/Frameworks",
					"$(SRCROOT)/Carthage/Build/iOS/",
				);
				PRODUCT_BUNDLE_IDENTIFIER = com.yfujiki.NowPlayingTMDBUITests;
				PRODUCT_NAME = "$(TARGET_NAME)";
				SWIFT_VERSION = 5.0;
				TARGETED_DEVICE_FAMILY = "1,2";
				TEST_TARGET_NAME = NowPlayingTMDB;
			};
			name = Release;
		};
/* End XCBuildConfiguration section */

/* Begin XCConfigurationList section */
		DBE3D02622703FD100836C2E /* Build configuration list for PBXProject "NowPlayingTMDB" */ = {
			isa = XCConfigurationList;
			buildConfigurations = (
				DBE3D05122703FD200836C2E /* Debug */,
				DBE3D05222703FD200836C2E /* Release */,
			);
			defaultConfigurationIsVisible = 0;
			defaultConfigurationName = Release;
		};
		DBE3D05322703FD200836C2E /* Build configuration list for PBXNativeTarget "NowPlayingTMDB" */ = {
			isa = XCConfigurationList;
			buildConfigurations = (
				DBE3D05422703FD200836C2E /* Debug */,
				DBE3D05522703FD200836C2E /* Release */,
			);
			defaultConfigurationIsVisible = 0;
			defaultConfigurationName = Release;
		};
		DBE3D05622703FD200836C2E /* Build configuration list for PBXNativeTarget "NowPlayingTMDBTests" */ = {
			isa = XCConfigurationList;
			buildConfigurations = (
				DBE3D05722703FD200836C2E /* Debug */,
				DBE3D05822703FD200836C2E /* Release */,
			);
			defaultConfigurationIsVisible = 0;
			defaultConfigurationName = Release;
		};
		DBE3D05922703FD200836C2E /* Build configuration list for PBXNativeTarget "NowPlayingTMDBUITests" */ = {
			isa = XCConfigurationList;
			buildConfigurations = (
				DBE3D05A22703FD200836C2E /* Debug */,
				DBE3D05B22703FD200836C2E /* Release */,
			);
			defaultConfigurationIsVisible = 0;
			defaultConfigurationName = Release;
		};
/* End XCConfigurationList section */
	};
	rootObject = DBE3D02322703FD100836C2E /* Project object */;
}
